// !$*UTF8*$!
{
	archiveVersion = 1;
	classes = {
	};
	objectVersion = 46;
	objects = {

/* Begin PBXBuildFile section */
		713A690D1F36E596002BD4F8 /* AppDelegate.swift in Sources */ = {isa = PBXBuildFile; fileRef = 713A690C1F36E596002BD4F8 /* AppDelegate.swift */; };
		713A690F1F36E596002BD4F8 /* ViewController.swift in Sources */ = {isa = PBXBuildFile; fileRef = 713A690E1F36E596002BD4F8 /* ViewController.swift */; };
		713A69121F36E596002BD4F8 /* Main.storyboard in Resources */ = {isa = PBXBuildFile; fileRef = 713A69101F36E596002BD4F8 /* Main.storyboard */; };
		713A69141F36E596002BD4F8 /* Assets.xcassets in Resources */ = {isa = PBXBuildFile; fileRef = 713A69131F36E596002BD4F8 /* Assets.xcassets */; };
		713A69171F36E596002BD4F8 /* LaunchScreen.storyboard in Resources */ = {isa = PBXBuildFile; fileRef = 713A69151F36E596002BD4F8 /* LaunchScreen.storyboard */; };
/* End PBXBuildFile section */

/* Begin PBXFileReference section */
		713A69091F36E596002BD4F8 /* desktopsetup.app */ = {isa = PBXFileReference; explicitFileType = wrapper.application; includeInIndex = 0; path = desktopsetup.app; sourceTree = BUILT_PRODUCTS_DIR; };
		713A690C1F36E596002BD4F8 /* AppDelegate.swift */ = {isa = PBXFileReference; lastKnownFileType = sourcecode.swift; path = AppDelegate.swift; sourceTree = "<group>"; };
		713A690E1F36E596002BD4F8 /* ViewController.swift */ = {isa = PBXFileReference; lastKnownFileType = sourcecode.swift; path = ViewController.swift; sourceTree = "<group>"; };
		713A69111F36E596002BD4F8 /* Base */ = {isa = PBXFileReference; lastKnownFileType = file.storyboard; name = Base; path = Base.lproj/Main.storyboard; sourceTree = "<group>"; };
		713A69131F36E596002BD4F8 /* Assets.xcassets */ = {isa = PBXFileReference; lastKnownFileType = folder.assetcatalog; path = Assets.xcassets; sourceTree = "<group>"; };
		713A69161F36E596002BD4F8 /* Base */ = {isa = PBXFileReference; lastKnownFileType = file.storyboard; name = Base; path = Base.lproj/LaunchScreen.storyboard; sourceTree = "<group>"; };
		713A69181F36E596002BD4F8 /* Info.plist */ = {isa = PBXFileReference; lastKnownFileType = text.plist.xml; path = Info.plist; sourceTree = "<group>"; };
/* End PBXFileReference section */

/* Begin PBXFrameworksBuildPhase section */
		713A69061F36E595002BD4F8 /* Frameworks */ = {
			isa = PBXFrameworksBuildPhase;
			buildActionMask = 2147483647;
			files = (
			);
			runOnlyForDeploymentPostprocessing = 0;
		};
/* End PBXFrameworksBuildPhase section */

/* Begin PBXGroup section */
		713A69001F36E595002BD4F8 = {
			isa = PBXGroup;
			children = (
				713A690B1F36E596002BD4F8 /* desktopsetup */,
				713A690A1F36E596002BD4F8 /* Products */,
			);
			sourceTree = "<group>";
		};
		713A690A1F36E596002BD4F8 /* Products */ = {
			isa = PBXGroup;
			children = (
				713A69091F36E596002BD4F8 /* desktopsetup.app */,
			);
			name = Products;
			sourceTree = "<group>";
		};
		713A690B1F36E596002BD4F8 /* desktopsetup */ = {
			isa = PBXGroup;
			children = (
				713A690C1F36E596002BD4F8 /* AppDelegate.swift */,
				713A690E1F36E596002BD4F8 /* ViewController.swift */,
				713A69101F36E596002BD4F8 /* Main.storyboard */,
				713A69131F36E596002BD4F8 /* Assets.xcassets */,
				713A69151F36E596002BD4F8 /* LaunchScreen.storyboard */,
				713A69181F36E596002BD4F8 /* Info.plist */,
			);
			path = desktopsetup;
			sourceTree = "<group>";
		};
/* End PBXGroup section */

/* Begin PBXNativeTarget section */
		713A69081F36E595002BD4F8 /* desktopsetup */ = {
			isa = PBXNativeTarget;
			buildConfigurationList = 713A691B1F36E596002BD4F8 /* Build configuration list for PBXNativeTarget "desktopsetup" */;
			buildPhases = (
				713A69051F36E595002BD4F8 /* Sources */,
				713A69061F36E595002BD4F8 /* Frameworks */,
				713A69071F36E595002BD4F8 /* Resources */,
			);
			buildRules = (
			);
			dependencies = (
			);
			name = desktopsetup;
			productName = desktopsetup;
			productReference = 713A69091F36E596002BD4F8 /* desktopsetup.app */;
			productType = "com.apple.product-type.application";
		};
/* End PBXNativeTarget section */

/* Begin PBXProject section */
		713A69011F36E595002BD4F8 /* Project object */ = {
			isa = PBXProject;
			attributes = {
				LastSwiftUpdateCheck = 0830;
				LastUpgradeCheck = 0830;
				ORGANIZATIONNAME = "Danny Stover";
				TargetAttributes = {
					713A69081F36E595002BD4F8 = {
						CreatedOnToolsVersion = 8.3.3;
						DevelopmentTeam = 29JJH7NA9G;
						ProvisioningStyle = Automatic;
					};
				};
			};
			buildConfigurationList = 713A69041F36E595002BD4F8 /* Build configuration list for PBXProject "desktopsetup" */;
			compatibilityVersion = "Xcode 3.2";
			developmentRegion = English;
			hasScannedForEncodings = 0;
			knownRegions = (
				en,
				Base,
			);
			mainGroup = 713A69001F36E595002BD4F8;
			productRefGroup = 713A690A1F36E596002BD4F8 /* Products */;
			projectDirPath = "";
			projectRoot = "";
			targets = (
				713A69081F36E595002BD4F8 /* desktopsetup */,
			);
		};
/* End PBXProject section */

/* Begin PBXResourcesBuildPhase section */
		713A69071F36E595002BD4F8 /* Resources */ = {
			isa = PBXResourcesBuildPhase;
			buildActionMask = 2147483647;
			files = (
				713A69171F36E596002BD4F8 /* LaunchScreen.storyboard in Resources */,
				713A69141F36E596002BD4F8 /* Assets.xcassets in Resources */,
				713A69121F36E596002BD4F8 /* Main.storyboard in Resources */,
			);
			runOnlyForDeploymentPostprocessing = 0;
		};
/* End PBXResourcesBuildPhase section */

/* Begin PBXSourcesBuildPhase section */
		713A69051F36E595002BD4F8 /* Sources */ = {
			isa = PBXSourcesBuildPhase;
			buildActionMask = 2147483647;
			files = (
				713A690F1F36E596002BD4F8 /* ViewController.swift in Sources */,
				713A690D1F36E596002BD4F8 /* AppDelegate.swift in Sources */,
			);
			runOnlyForDeploymentPostprocessing = 0;
		};
/* End PBXSourcesBuildPhase section */

/* Begin PBXVariantGroup section */
		713A69101F36E596002BD4F8 /* Main.storyboard */ = {
			isa = PBXVariantGroup;
			children = (
				713A69111F36E596002BD4F8 /* Base */,
			);
			name = Main.storyboard;
			sourceTree = "<group>";
		};
		713A69151F36E596002BD4F8 /* LaunchScreen.storyboard */ = {
			isa = PBXVariantGroup;
			children = (
				713A69161F36E596002BD4F8 /* Base */,
			);
			name = LaunchScreen.storyboard;
			sourceTree = "<group>";
		};
/* End PBXVariantGroup section */

/* Begin XCBuildConfiguration section */
		713A69191F36E596002BD4F8 /* Debug */ = {
			isa = XCBuildConfiguration;
			buildSettings = {
				ALWAYS_SEARCH_USER_PATHS = NO;
				CLANG_ANALYZER_NONNULL = YES;
				CLANG_ANALYZER_NUMBER_OBJECT_CONVERSION = YES_AGGRESSIVE;
				CLANG_CXX_LANGUAGE_STANDARD = "gnu++0x";
				CLANG_CXX_LIBRARY = "libc++";
				CLANG_ENABLE_MODULES = YES;
				CLANG_ENABLE_OBJC_ARC = YES;
				CLANG_WARN_BOOL_CONVERSION = YES;
				CLANG_WARN_CONSTANT_CONVERSION = YES;
				CLANG_WARN_DIRECT_OBJC_ISA_USAGE = YES_ERROR;
				CLANG_WARN_DOCUMENTATION_COMMENTS = YES;
				CLANG_WARN_EMPTY_BODY = YES;
				CLANG_WARN_ENUM_CONVERSION = YES;
				CLANG_WARN_INFINITE_RECURSION = YES;
				CLANG_WARN_INT_CONVERSION = YES;
				CLANG_WARN_OBJC_ROOT_CLASS = YES_ERROR;
				CLANG_WARN_SUSPICIOUS_MOVE = YES;
				CLANG_WARN_UNREACHABLE_CODE = YES;
				CLANG_WARN__DUPLICATE_METHOD_MATCH = YES;
				"CODE_SIGN_IDENTITY[sdk=iphoneos*]" = "iPhone Developer";
				COPY_PHASE_STRIP = NO;
				DEBUG_INFORMATION_FORMAT = dwarf;
				ENABLE_STRICT_OBJC_MSGSEND = YES;
				ENABLE_TESTABILITY = YES;
				GCC_C_LANGUAGE_STANDARD = gnu99;
				GCC_DYNAMIC_NO_PIC = NO;
				GCC_NO_COMMON_BLOCKS = YES;
				GCC_OPTIMIZATION_LEVEL = 0;
				GCC_PREPROCESSOR_DEFINITIONS = (
					"DEBUG=1",
					"$(inherited)",
				);
				GCC_WARN_64_TO_32_BIT_CONVERSION = YES;
				GCC_WARN_ABOUT_RETURN_TYPE = YES_ERROR;
				GCC_WARN_UNDECLARED_SELECTOR = YES;
				GCC_WARN_UNINITIALIZED_AUTOS = YES_AGGRESSIVE;
				GCC_WARN_UNUSED_FUNCTION = YES;
				GCC_WARN_UNUSED_VARIABLE = YES;
				IPHONEOS_DEPLOYMENT_TARGET = 10.3;
				MTL_ENABLE_DEBUG_INFO = YES;
				ONLY_ACTIVE_ARCH = YES;
				SDKROOT = iphoneos;
				SWIFT_ACTIVE_COMPILATION_CONDITIONS = DEBUG;
				SWIFT_OPTIMIZATION_LEVEL = "-Onone";
				TARGETED_DEVICE_FAMILY = "1,2";
			};
			name = Debug;
		};
		713A691A1F36E596002BD4F8 /* Release */ = {
			isa = XCBuildConfiguration;
			buildSettings = {
				ALWAYS_SEARCH_USER_PATHS = NO;
				CLANG_ANALYZER_NONNULL = YES;
				CLANG_ANALYZER_NUMBER_OBJECT_CONVERSION = YES_AGGRESSIVE;
				CLANG_CXX_LANGUAGE_STANDARD = "gnu++0x";
				CLANG_CXX_LIBRARY = "libc++";
				CLANG_ENABLE_MODULES = YES;
				CLANG_ENABLE_OBJC_ARC = YES;
				CLANG_WARN_BOOL_CONVERSION = YES;
				CLANG_WARN_CONSTANT_CONVERSION = YES;
				CLANG_WARN_DIRECT_OBJC_ISA_USAGE = YES_ERROR;
				CLANG_WARN_DOCUMENTATION_COMMENTS = YES;
				CLANG_WARN_EMPTY_BODY = YES;
				CLANG_WARN_ENUM_CONVERSION = YES;
				CLANG_WARN_INFINITE_RECURSION = YES;
				CLANG_WARN_INT_CONVERSION = YES;
				CLANG_WARN_OBJC_ROOT_CLASS = YES_ERROR;
				CLANG_WARN_SUSPICIOUS_MOVE = YES;
				CLANG_WARN_UNREACHABLE_CODE = YES;
				CLANG_WARN__DUPLICATE_METHOD_MATCH = YES;
				"CODE_SIGN_IDENTITY[sdk=iphoneos*]" = "iPhone Developer";
				COPY_PHASE_STRIP = NO;
				DEBUG_INFORMATION_FORMAT = "dwarf-with-dsym";
				ENABLE_NS_ASSERTIONS = NO;
				ENABLE_STRICT_OBJC_MSGSEND = YES;
				GCC_C_LANGUAGE_STANDARD = gnu99;
				GCC_NO_COMMON_BLOCKS = YES;
				GCC_WARN_64_TO_32_BIT_CONVERSION = YES;
				GCC_WARN_ABOUT_RETURN_TYPE = YES_ERROR;
				GCC_WARN_UNDECLARED_SELECTOR = YES;
				GCC_WARN_UNINITIALIZED_AUTOS = YES_AGGRESSIVE;
				GCC_WARN_UNUSED_FUNCTION = YES;
				GCC_WARN_UNUSED_VARIABLE = YES;
				IPHONEOS_DEPLOYMENT_TARGET = 10.3;
				MTL_ENABLE_DEBUG_INFO = NO;
				SDKROOT = iphoneos;
				SWIFT_OPTIMIZATION_LEVEL = "-Owholemodule";
				TARGETED_DEVICE_FAMILY = "1,2";
				VALIDATE_PRODUCT = YES;
			};
			name = Release;
		};
		713A691C1F36E596002BD4F8 /* Debug */ = {
			isa = XCBuildConfiguration;
			buildSettings = {
				ASSETCATALOG_COMPILER_APPICON_NAME = AppIcon;
				DEVELOPMENT_TEAM = 29JJH7NA9G;
				INFOPLIST_FILE = desktopsetup/Info.plist;
				LD_RUNPATH_SEARCH_PATHS = "$(inherited) @executable_path/Frameworks";
				PRODUCT_BUNDLE_IDENTIFIER = com.Prototype.desktopsetup;
				PRODUCT_NAME = "$(TARGET_NAME)";
				SWIFT_VERSION = 3.0;
			};
			name = Debug;
		};
		713A691D1F36E596002BD4F8 /* Release */ = {
			isa = XCBuildConfiguration;
			buildSettings = {
				ASSETCATALOG_COMPILER_APPICON_NAME = AppIcon;
				DEVELOPMENT_TEAM = 29JJH7NA9G;
				INFOPLIST_FILE = desktopsetup/Info.plist;
				LD_RUNPATH_SEARCH_PATHS = "$(inherited) @executable_path/Frameworks";
				PRODUCT_BUNDLE_IDENTIFIER = com.Prototype.desktopsetup;
				PRODUCT_NAME = "$(TARGET_NAME)";
				SWIFT_VERSION = 3.0;
			};
			name = Release;
		};
/* End XCBuildConfiguration section */

/* Begin XCConfigurationList section */
		713A69041F36E595002BD4F8 /* Build configuration list for PBXProject "desktopsetup" */ = {
			isa = XCConfigurationList;
			buildConfigurations = (
				713A69191F36E596002BD4F8 /* Debug */,
				713A691A1F36E596002BD4F8 /* Release */,
			);
			defaultConfigurationIsVisible = 0;
			defaultConfigurationName = Release;
		};
		713A691B1F36E596002BD4F8 /* Build configuration list for PBXNativeTarget "desktopsetup" */ = {
			isa = XCConfigurationList;
			buildConfigurations = (
				713A691C1F36E596002BD4F8 /* Debug */,
				713A691D1F36E596002BD4F8 /* Release */,
			);
			defaultConfigurationIsVisible = 0;
		};
/* End XCConfigurationList section */
	};
	rootObject = 713A69011F36E595002BD4F8 /* Project object */;
}
